
Microsoft Visual Studio Solution File, Format Version 12.00
# Visual Studio Version 17
VisualStudioVersion = 17.8.34525.116
MinimumVisualStudioVersion = 10.0.40219.1
Project("{FAE04EC0-301F-11D3-BF4B-00C04F79EFBC}") = "LabGD2", "LabGD2\LabGD2.csproj", "{BEADD0D3-24B8-461B-8BC6-C092A929134B}"
EndProject
Global
	GlobalSection(SolutionConfigurationPlatforms) = preSolution
		Debug|Any CPU = Debug|Any CPU
		Release|Any CPU = Release|Any CPU
	EndGlobalSection
	GlobalSection(ProjectConfigurationPlatforms) = postSolution
		{BEADD0D3-24B8-461B-8BC6-C092A929134B}.Debug|Any CPU.ActiveCfg = Debug|Any CPU
		{BEADD0D3-24B8-461B-8BC6-C092A929134B}.Debug|Any CPU.Build.0 = Debug|Any CPU
		{BEADD0D3-24B8-461B-8BC6-C092A929134B}.Release|Any CPU.ActiveCfg = Release|Any CPU
		{BEADD0D3-24B8-461B-8BC6-C092A929134B}.Release|Any CPU.Build.0 = Release|Any CPU
	EndGlobalSection
	GlobalSection(SolutionProperties) = preSolution
		HideSolutionNode = FALSE
	EndGlobalSection
	GlobalSection(ExtensibilityGlobals) = postSolution
		SolutionGuid = {D9620699-E4EA-4C93-8211-A381DA145749}
	EndGlobalSection
EndGlobal
